
Microsoft Visual Studio Solution File, Format Version 12.00
# Visual Studio 15
VisualStudioVersion = 15.0.27130.2036
MinimumVisualStudioVersion = 10.0.40219.1
Project("{FAE04EC0-301F-11D3-BF4B-00C04F79EFBC}") = "ContentApiForm", "ContentApiForm\ContentApiForm.csproj", "{891833FF-23A4-4512-9579-CB80113FD1E3}"
EndProject
Global
	GlobalSection(SolutionConfigurationPlatforms) = preSolution
		Debug|Any CPU = Debug|Any CPU
		Release|Any CPU = Release|Any CPU
	EndGlobalSection
	GlobalSection(ProjectConfigurationPlatforms) = postSolution
		{891833FF-23A4-4512-9579-CB80113FD1E3}.Debug|Any CPU.ActiveCfg = Debug|Any CPU
		{891833FF-23A4-4512-9579-CB80113FD1E3}.Debug|Any CPU.Build.0 = Debug|Any CPU
		{891833FF-23A4-4512-9579-CB80113FD1E3}.Release|Any CPU.ActiveCfg = Release|Any CPU
		{891833FF-23A4-4512-9579-CB80113FD1E3}.Release|Any CPU.Build.0 = Release|Any CPU
	EndGlobalSection
	GlobalSection(SolutionProperties) = preSolution
		HideSolutionNode = FALSE
	EndGlobalSection
	GlobalSection(ExtensibilityGlobals) = postSolution
		SolutionGuid = {1C5A9D05-1B05-4A3B-9D60-00D37A1E6880}
	EndGlobalSection
EndGlobal
